// !$*UTF8*$!
{
	archiveVersion = 1;
	classes = {
	};
	objectVersion = 56;
	objects = {

/* Begin PBXBuildFile section */
		9E63F6742BFEDCDA00959C6E /* RoomViewModel.swift in Sources */ = {isa = PBXBuildFile; fileRef = 9E63F6732BFEDCDA00959C6E /* RoomViewModel.swift */; };
		9E63F6762BFEDD4E00959C6E /* RoomDetailView.swift in Sources */ = {isa = PBXBuildFile; fileRef = 9E63F6752BFEDD4E00959C6E /* RoomDetailView.swift */; };
		9E63F6782BFEDD6500959C6E /* ReportIssueView.swift in Sources */ = {isa = PBXBuildFile; fileRef = 9E63F6772BFEDD6500959C6E /* ReportIssueView.swift */; };
		9E9F14962BFC415A00712993 /* RoomServiceMenuCard.swift in Sources */ = {isa = PBXBuildFile; fileRef = 9E9F14952BFC415A00712993 /* RoomServiceMenuCard.swift */; };
		9EA2C5B42BF4BD3500ABF8D3 /* SocketIO in Frameworks */ = {isa = PBXBuildFile; productRef = 9EA2C5B32BF4BD3500ABF8D3 /* SocketIO */; };
		9EA2C5B62BF4BD7400ABF8D3 /* SocketManager.swift in Sources */ = {isa = PBXBuildFile; fileRef = 9EA2C5B52BF4BD7400ABF8D3 /* SocketManager.swift */; };
		9EA2C5B82BF612D800ABF8D3 /* OrderView.swift in Sources */ = {isa = PBXBuildFile; fileRef = 9EA2C5B72BF612D800ABF8D3 /* OrderView.swift */; };
		9EE521622C1029FE00081406 /* AdminView.swift in Sources */ = {isa = PBXBuildFile; fileRef = 9EE521612C1029FE00081406 /* AdminView.swift */; };
		9EE521642C102CC200081406 /* AdminViewModel.swift in Sources */ = {isa = PBXBuildFile; fileRef = 9EE521632C102CC200081406 /* AdminViewModel.swift */; };
		9EFCEC0A2BF2F08800BE63FE /* INHA_HOTEL_APP_TAEApp.swift in Sources */ = {isa = PBXBuildFile; fileRef = 9EFCEC092BF2F08800BE63FE /* INHA_HOTEL_APP_TAEApp.swift */; };
		9EFCEC0C2BF2F08800BE63FE /* ContentView.swift in Sources */ = {isa = PBXBuildFile; fileRef = 9EFCEC0B2BF2F08800BE63FE /* ContentView.swift */; };
		9EFCEC0E2BF2F08B00BE63FE /* Assets.xcassets in Resources */ = {isa = PBXBuildFile; fileRef = 9EFCEC0D2BF2F08B00BE63FE /* Assets.xcassets */; };
		9EFCEC112BF2F08B00BE63FE /* Preview Assets.xcassets in Resources */ = {isa = PBXBuildFile; fileRef = 9EFCEC102BF2F08B00BE63FE /* Preview Assets.xcassets */; };
		9EFCEC1B2BF2F08C00BE63FE /* INHA_HOTEL_APP_TAETests.swift in Sources */ = {isa = PBXBuildFile; fileRef = 9EFCEC1A2BF2F08C00BE63FE /* INHA_HOTEL_APP_TAETests.swift */; };
		9EFCEC252BF2F08C00BE63FE /* INHA_HOTEL_APP_TAEUITests.swift in Sources */ = {isa = PBXBuildFile; fileRef = 9EFCEC242BF2F08C00BE63FE /* INHA_HOTEL_APP_TAEUITests.swift */; };
		9EFCEC272BF2F08C00BE63FE /* INHA_HOTEL_APP_TAEUITestsLaunchTests.swift in Sources */ = {isa = PBXBuildFile; fileRef = 9EFCEC262BF2F08C00BE63FE /* INHA_HOTEL_APP_TAEUITestsLaunchTests.swift */; };
		9EFCEC3D2BF2F10300BE63FE /* PhoneNumberLoginView.swift in Sources */ = {isa = PBXBuildFile; fileRef = 9EFCEC332BF2F10200BE63FE /* PhoneNumberLoginView.swift */; };
		9EFCEC3E2BF2F10300BE63FE /* HousekeepingView.swift in Sources */ = {isa = PBXBuildFile; fileRef = 9EFCEC342BF2F10200BE63FE /* HousekeepingView.swift */; };
		9EFCEC3F2BF2F10300BE63FE /* CustomerView.swift in Sources */ = {isa = PBXBuildFile; fileRef = 9EFCEC352BF2F10200BE63FE /* CustomerView.swift */; };
		9EFCEC402BF2F10300BE63FE /* Models.swift in Sources */ = {isa = PBXBuildFile; fileRef = 9EFCEC362BF2F10300BE63FE /* Models.swift */; };
		9EFCEC412BF2F10300BE63FE /* AppDelegate.swift in Sources */ = {isa = PBXBuildFile; fileRef = 9EFCEC372BF2F10300BE63FE /* AppDelegate.swift */; };
		9EFCEC422BF2F10300BE63FE /* FrontDeskView.swift in Sources */ = {isa = PBXBuildFile; fileRef = 9EFCEC382BF2F10300BE63FE /* FrontDeskView.swift */; };
		9EFCEC432BF2F10300BE63FE /* KitchenView.swift in Sources */ = {isa = PBXBuildFile; fileRef = 9EFCEC392BF2F10300BE63FE /* KitchenView.swift */; };
		9EFCEC442BF2F10300BE63FE /* UserSession.swift in Sources */ = {isa = PBXBuildFile; fileRef = 9EFCEC3A2BF2F10300BE63FE /* UserSession.swift */; };
		9EFCEC452BF2F10300BE63FE /* DepartmentView.swift in Sources */ = {isa = PBXBuildFile; fileRef = 9EFCEC3B2BF2F10300BE63FE /* DepartmentView.swift */; };
		9EFCEC462BF2F10300BE63FE /* FacilityView.swift in Sources */ = {isa = PBXBuildFile; fileRef = 9EFCEC3C2BF2F10300BE63FE /* FacilityView.swift */; };
		9EFCEC482BF2F18B00BE63FE /* GoogleService-Info.plist in Resources */ = {isa = PBXBuildFile; fileRef = 9EFCEC472BF2F18B00BE63FE /* GoogleService-Info.plist */; };
		9EFCEC4B2BF2F22F00BE63FE /* FirebaseAnalytics in Frameworks */ = {isa = PBXBuildFile; productRef = 9EFCEC4A2BF2F22F00BE63FE /* FirebaseAnalytics */; };
		9EFCEC4D2BF2F22F00BE63FE /* FirebaseAnalyticsOnDeviceConversion in Frameworks */ = {isa = PBXBuildFile; productRef = 9EFCEC4C2BF2F22F00BE63FE /* FirebaseAnalyticsOnDeviceConversion */; };
		9EFCEC4F2BF2F22F00BE63FE /* FirebaseAnalyticsSwift in Frameworks */ = {isa = PBXBuildFile; productRef = 9EFCEC4E2BF2F22F00BE63FE /* FirebaseAnalyticsSwift */; };
		9EFCEC512BF2F22F00BE63FE /* FirebaseAnalyticsWithoutAdIdSupport in Frameworks */ = {isa = PBXBuildFile; productRef = 9EFCEC502BF2F22F00BE63FE /* FirebaseAnalyticsWithoutAdIdSupport */; };
		9EFCEC532BF2F22F00BE63FE /* FirebaseAppCheck in Frameworks */ = {isa = PBXBuildFile; productRef = 9EFCEC522BF2F22F00BE63FE /* FirebaseAppCheck */; };
		9EFCEC552BF2F22F00BE63FE /* FirebaseAppDistribution-Beta in Frameworks */ = {isa = PBXBuildFile; productRef = 9EFCEC542BF2F22F00BE63FE /* FirebaseAppDistribution-Beta */; };
		9EFCEC572BF2F22F00BE63FE /* FirebaseAuth in Frameworks */ = {isa = PBXBuildFile; productRef = 9EFCEC562BF2F22F00BE63FE /* FirebaseAuth */; };
		9EFCEC592BF2F22F00BE63FE /* FirebaseAuthCombine-Community in Frameworks */ = {isa = PBXBuildFile; productRef = 9EFCEC582BF2F22F00BE63FE /* FirebaseAuthCombine-Community */; };
		9EFCEC5B2BF2F22F00BE63FE /* FirebaseCrashlytics in Frameworks */ = {isa = PBXBuildFile; productRef = 9EFCEC5A2BF2F22F00BE63FE /* FirebaseCrashlytics */; };
		9EFCEC5D2BF2F22F00BE63FE /* FirebaseDatabase in Frameworks */ = {isa = PBXBuildFile; productRef = 9EFCEC5C2BF2F22F00BE63FE /* FirebaseDatabase */; };
		9EFCEC5F2BF2F22F00BE63FE /* FirebaseDatabaseSwift in Frameworks */ = {isa = PBXBuildFile; productRef = 9EFCEC5E2BF2F22F00BE63FE /* FirebaseDatabaseSwift */; };
		9EFCEC612BF2F22F00BE63FE /* FirebaseDynamicLinks in Frameworks */ = {isa = PBXBuildFile; productRef = 9EFCEC602BF2F22F00BE63FE /* FirebaseDynamicLinks */; };
		9EFCEC632BF2F22F00BE63FE /* FirebaseFirestore in Frameworks */ = {isa = PBXBuildFile; productRef = 9EFCEC622BF2F22F00BE63FE /* FirebaseFirestore */; };
		9EFCEC652BF2F22F00BE63FE /* FirebaseFirestoreCombine-Community in Frameworks */ = {isa = PBXBuildFile; productRef = 9EFCEC642BF2F22F00BE63FE /* FirebaseFirestoreCombine-Community */; };
		9EFCEC672BF2F22F00BE63FE /* FirebaseFirestoreSwift in Frameworks */ = {isa = PBXBuildFile; productRef = 9EFCEC662BF2F22F00BE63FE /* FirebaseFirestoreSwift */; };
		9EFCEC692BF2F22F00BE63FE /* FirebaseFunctions in Frameworks */ = {isa = PBXBuildFile; productRef = 9EFCEC682BF2F22F00BE63FE /* FirebaseFunctions */; };
		9EFCEC6B2BF2F22F00BE63FE /* FirebaseFunctionsCombine-Community in Frameworks */ = {isa = PBXBuildFile; productRef = 9EFCEC6A2BF2F22F00BE63FE /* FirebaseFunctionsCombine-Community */; };
		9EFCEC6D2BF2F22F00BE63FE /* FirebaseInAppMessaging-Beta in Frameworks */ = {isa = PBXBuildFile; productRef = 9EFCEC6C2BF2F22F00BE63FE /* FirebaseInAppMessaging-Beta */; };
		9EFCEC6F2BF2F22F00BE63FE /* FirebaseInAppMessagingSwift-Beta in Frameworks */ = {isa = PBXBuildFile; productRef = 9EFCEC6E2BF2F22F00BE63FE /* FirebaseInAppMessagingSwift-Beta */; };
		9EFCEC712BF2F22F00BE63FE /* FirebaseInstallations in Frameworks */ = {isa = PBXBuildFile; productRef = 9EFCEC702BF2F22F00BE63FE /* FirebaseInstallations */; };
		9EFCEC732BF2F22F00BE63FE /* FirebaseMLModelDownloader in Frameworks */ = {isa = PBXBuildFile; productRef = 9EFCEC722BF2F22F00BE63FE /* FirebaseMLModelDownloader */; };
		9EFCEC752BF2F22F00BE63FE /* FirebaseMessaging in Frameworks */ = {isa = PBXBuildFile; productRef = 9EFCEC742BF2F22F00BE63FE /* FirebaseMessaging */; };
		9EFCEC772BF2F22F00BE63FE /* FirebasePerformance in Frameworks */ = {isa = PBXBuildFile; productRef = 9EFCEC762BF2F22F00BE63FE /* FirebasePerformance */; };
		9EFCEC792BF2F22F00BE63FE /* FirebaseRemoteConfig in Frameworks */ = {isa = PBXBuildFile; productRef = 9EFCEC782BF2F22F00BE63FE /* FirebaseRemoteConfig */; };
		9EFCEC7B2BF2F22F00BE63FE /* FirebaseRemoteConfigSwift in Frameworks */ = {isa = PBXBuildFile; productRef = 9EFCEC7A2BF2F22F00BE63FE /* FirebaseRemoteConfigSwift */; };
		9EFCEC7D2BF2F22F00BE63FE /* FirebaseStorage in Frameworks */ = {isa = PBXBuildFile; productRef = 9EFCEC7C2BF2F22F00BE63FE /* FirebaseStorage */; };
		9EFCEC7F2BF2F22F00BE63FE /* FirebaseStorageCombine-Community in Frameworks */ = {isa = PBXBuildFile; productRef = 9EFCEC7E2BF2F22F00BE63FE /* FirebaseStorageCombine-Community */; };
		9EFCEC812BF2F22F00BE63FE /* FirebaseVertexAI-Preview in Frameworks */ = {isa = PBXBuildFile; productRef = 9EFCEC802BF2F22F00BE63FE /* FirebaseVertexAI-Preview */; };
		9EFCEC832BF325FE00BE63FE /* SupplyRequestView.swift in Sources */ = {isa = PBXBuildFile; fileRef = 9EFCEC822BF325FE00BE63FE /* SupplyRequestView.swift */; };
		9EFCEC852BF3261500BE63FE /* RoomServiceRequestView.swift in Sources */ = {isa = PBXBuildFile; fileRef = 9EFCEC842BF3261500BE63FE /* RoomServiceRequestView.swift */; };
/* End PBXBuildFile section */

/* Begin PBXContainerItemProxy section */
		9EFCEC172BF2F08C00BE63FE /* PBXContainerItemProxy */ = {
			isa = PBXContainerItemProxy;
			containerPortal = 9EFCEBFE2BF2F08800BE63FE /* Project object */;
			proxyType = 1;
			remoteGlobalIDString = 9EFCEC052BF2F08800BE63FE;
			remoteInfo = INHA_HOTEL_APP_TAE;
		};
		9EFCEC212BF2F08C00BE63FE /* PBXContainerItemProxy */ = {
			isa = PBXContainerItemProxy;
			containerPortal = 9EFCEBFE2BF2F08800BE63FE /* Project object */;
			proxyType = 1;
			remoteGlobalIDString = 9EFCEC052BF2F08800BE63FE;
			remoteInfo = INHA_HOTEL_APP_TAE;
		};
/* End PBXContainerItemProxy section */

/* Begin PBXFileReference section */
		9E63F6732BFEDCDA00959C6E /* RoomViewModel.swift */ = {isa = PBXFileReference; lastKnownFileType = sourcecode.swift; path = RoomViewModel.swift; sourceTree = "<group>"; };
		9E63F6752BFEDD4E00959C6E /* RoomDetailView.swift */ = {isa = PBXFileReference; lastKnownFileType = sourcecode.swift; path = RoomDetailView.swift; sourceTree = "<group>"; };
		9E63F6772BFEDD6500959C6E /* ReportIssueView.swift */ = {isa = PBXFileReference; lastKnownFileType = sourcecode.swift; path = ReportIssueView.swift; sourceTree = "<group>"; };
		9E9F14952BFC415A00712993 /* RoomServiceMenuCard.swift */ = {isa = PBXFileReference; lastKnownFileType = sourcecode.swift; path = RoomServiceMenuCard.swift; sourceTree = "<group>"; };
		9EA2C5B52BF4BD7400ABF8D3 /* SocketManager.swift */ = {isa = PBXFileReference; lastKnownFileType = sourcecode.swift; path = SocketManager.swift; sourceTree = "<group>"; };
		9EA2C5B72BF612D800ABF8D3 /* OrderView.swift */ = {isa = PBXFileReference; lastKnownFileType = sourcecode.swift; path = OrderView.swift; sourceTree = "<group>"; };
		9EE521612C1029FE00081406 /* AdminView.swift */ = {isa = PBXFileReference; lastKnownFileType = sourcecode.swift; path = AdminView.swift; sourceTree = "<group>"; };
		9EE521632C102CC200081406 /* AdminViewModel.swift */ = {isa = PBXFileReference; lastKnownFileType = sourcecode.swift; path = AdminViewModel.swift; sourceTree = "<group>"; };
		9EFCEC062BF2F08800BE63FE /* INHA_HOTEL_APP_TAE.app */ = {isa = PBXFileReference; explicitFileType = wrapper.application; includeInIndex = 0; path = INHA_HOTEL_APP_TAE.app; sourceTree = BUILT_PRODUCTS_DIR; };
		9EFCEC092BF2F08800BE63FE /* INHA_HOTEL_APP_TAEApp.swift */ = {isa = PBXFileReference; lastKnownFileType = sourcecode.swift; path = INHA_HOTEL_APP_TAEApp.swift; sourceTree = "<group>"; };
		9EFCEC0B2BF2F08800BE63FE /* ContentView.swift */ = {isa = PBXFileReference; lastKnownFileType = sourcecode.swift; path = ContentView.swift; sourceTree = "<group>"; };
		9EFCEC0D2BF2F08B00BE63FE /* Assets.xcassets */ = {isa = PBXFileReference; lastKnownFileType = folder.assetcatalog; path = Assets.xcassets; sourceTree = "<group>"; };
		9EFCEC102BF2F08B00BE63FE /* Preview Assets.xcassets */ = {isa = PBXFileReference; lastKnownFileType = folder.assetcatalog; path = "Preview Assets.xcassets"; sourceTree = "<group>"; };
		9EFCEC162BF2F08C00BE63FE /* INHA_HOTEL_APP_TAETests.xctest */ = {isa = PBXFileReference; explicitFileType = wrapper.cfbundle; includeInIndex = 0; path = INHA_HOTEL_APP_TAETests.xctest; sourceTree = BUILT_PRODUCTS_DIR; };
		9EFCEC1A2BF2F08C00BE63FE /* INHA_HOTEL_APP_TAETests.swift */ = {isa = PBXFileReference; lastKnownFileType = sourcecode.swift; path = INHA_HOTEL_APP_TAETests.swift; sourceTree = "<group>"; };
		9EFCEC202BF2F08C00BE63FE /* INHA_HOTEL_APP_TAEUITests.xctest */ = {isa = PBXFileReference; explicitFileType = wrapper.cfbundle; includeInIndex = 0; path = INHA_HOTEL_APP_TAEUITests.xctest; sourceTree = BUILT_PRODUCTS_DIR; };
		9EFCEC242BF2F08C00BE63FE /* INHA_HOTEL_APP_TAEUITests.swift */ = {isa = PBXFileReference; lastKnownFileType = sourcecode.swift; path = INHA_HOTEL_APP_TAEUITests.swift; sourceTree = "<group>"; };
		9EFCEC262BF2F08C00BE63FE /* INHA_HOTEL_APP_TAEUITestsLaunchTests.swift */ = {isa = PBXFileReference; lastKnownFileType = sourcecode.swift; path = INHA_HOTEL_APP_TAEUITestsLaunchTests.swift; sourceTree = "<group>"; };
		9EFCEC332BF2F10200BE63FE /* PhoneNumberLoginView.swift */ = {isa = PBXFileReference; fileEncoding = 4; lastKnownFileType = sourcecode.swift; path = PhoneNumberLoginView.swift; sourceTree = "<group>"; };
		9EFCEC342BF2F10200BE63FE /* HousekeepingView.swift */ = {isa = PBXFileReference; fileEncoding = 4; lastKnownFileType = sourcecode.swift; path = HousekeepingView.swift; sourceTree = "<group>"; };
		9EFCEC352BF2F10200BE63FE /* CustomerView.swift */ = {isa = PBXFileReference; fileEncoding = 4; lastKnownFileType = sourcecode.swift; path = CustomerView.swift; sourceTree = "<group>"; };
		9EFCEC362BF2F10300BE63FE /* Models.swift */ = {isa = PBXFileReference; fileEncoding = 4; lastKnownFileType = sourcecode.swift; path = Models.swift; sourceTree = "<group>"; };
		9EFCEC372BF2F10300BE63FE /* AppDelegate.swift */ = {isa = PBXFileReference; fileEncoding = 4; lastKnownFileType = sourcecode.swift; path = AppDelegate.swift; sourceTree = "<group>"; };
		9EFCEC382BF2F10300BE63FE /* FrontDeskView.swift */ = {isa = PBXFileReference; fileEncoding = 4; lastKnownFileType = sourcecode.swift; path = FrontDeskView.swift; sourceTree = "<group>"; };
		9EFCEC392BF2F10300BE63FE /* KitchenView.swift */ = {isa = PBXFileReference; fileEncoding = 4; lastKnownFileType = sourcecode.swift; path = KitchenView.swift; sourceTree = "<group>"; };
		9EFCEC3A2BF2F10300BE63FE /* UserSession.swift */ = {isa = PBXFileReference; fileEncoding = 4; lastKnownFileType = sourcecode.swift; path = UserSession.swift; sourceTree = "<group>"; };
		9EFCEC3B2BF2F10300BE63FE /* DepartmentView.swift */ = {isa = PBXFileReference; fileEncoding = 4; lastKnownFileType = sourcecode.swift; path = DepartmentView.swift; sourceTree = "<group>"; };
		9EFCEC3C2BF2F10300BE63FE /* FacilityView.swift */ = {isa = PBXFileReference; fileEncoding = 4; lastKnownFileType = sourcecode.swift; path = FacilityView.swift; sourceTree = "<group>"; };
		9EFCEC472BF2F18B00BE63FE /* GoogleService-Info.plist */ = {isa = PBXFileReference; fileEncoding = 4; lastKnownFileType = text.plist.xml; path = "GoogleService-Info.plist"; sourceTree = "<group>"; };
		9EFCEC822BF325FE00BE63FE /* SupplyRequestView.swift */ = {isa = PBXFileReference; lastKnownFileType = sourcecode.swift; path = SupplyRequestView.swift; sourceTree = "<group>"; };
		9EFCEC842BF3261500BE63FE /* RoomServiceRequestView.swift */ = {isa = PBXFileReference; lastKnownFileType = sourcecode.swift; path = RoomServiceRequestView.swift; sourceTree = "<group>"; };
/* End PBXFileReference section */

/* Begin PBXFrameworksBuildPhase section */
		9EFCEC032BF2F08800BE63FE /* Frameworks */ = {
			isa = PBXFrameworksBuildPhase;
			buildActionMask = 2147483647;
			files = (
				9EFCEC5D2BF2F22F00BE63FE /* FirebaseDatabase in Frameworks */,
				9EFCEC6B2BF2F22F00BE63FE /* FirebaseFunctionsCombine-Community in Frameworks */,
				9EFCEC632BF2F22F00BE63FE /* FirebaseFirestore in Frameworks */,
				9EFCEC4F2BF2F22F00BE63FE /* FirebaseAnalyticsSwift in Frameworks */,
				9EFCEC4B2BF2F22F00BE63FE /* FirebaseAnalytics in Frameworks */,
				9EFCEC4D2BF2F22F00BE63FE /* FirebaseAnalyticsOnDeviceConversion in Frameworks */,
				9EA2C5B42BF4BD3500ABF8D3 /* SocketIO in Frameworks */,
				9EFCEC732BF2F22F00BE63FE /* FirebaseMLModelDownloader in Frameworks */,
				9EFCEC672BF2F22F00BE63FE /* FirebaseFirestoreSwift in Frameworks */,
				9EFCEC532BF2F22F00BE63FE /* FirebaseAppCheck in Frameworks */,
				9EFCEC512BF2F22F00BE63FE /* FirebaseAnalyticsWithoutAdIdSupport in Frameworks */,
				9EFCEC572BF2F22F00BE63FE /* FirebaseAuth in Frameworks */,
				9EFCEC5B2BF2F22F00BE63FE /* FirebaseCrashlytics in Frameworks */,
				9EFCEC7B2BF2F22F00BE63FE /* FirebaseRemoteConfigSwift in Frameworks */,
				9EFCEC6D2BF2F22F00BE63FE /* FirebaseInAppMessaging-Beta in Frameworks */,
				9EFCEC5F2BF2F22F00BE63FE /* FirebaseDatabaseSwift in Frameworks */,
				9EFCEC692BF2F22F00BE63FE /* FirebaseFunctions in Frameworks */,
				9EFCEC7F2BF2F22F00BE63FE /* FirebaseStorageCombine-Community in Frameworks */,
				9EFCEC792BF2F22F00BE63FE /* FirebaseRemoteConfig in Frameworks */,
				9EFCEC552BF2F22F00BE63FE /* FirebaseAppDistribution-Beta in Frameworks */,
				9EFCEC592BF2F22F00BE63FE /* FirebaseAuthCombine-Community in Frameworks */,
				9EFCEC772BF2F22F00BE63FE /* FirebasePerformance in Frameworks */,
				9EFCEC6F2BF2F22F00BE63FE /* FirebaseInAppMessagingSwift-Beta in Frameworks */,
				9EFCEC7D2BF2F22F00BE63FE /* FirebaseStorage in Frameworks */,
				9EFCEC612BF2F22F00BE63FE /* FirebaseDynamicLinks in Frameworks */,
				9EFCEC812BF2F22F00BE63FE /* FirebaseVertexAI-Preview in Frameworks */,
				9EFCEC652BF2F22F00BE63FE /* FirebaseFirestoreCombine-Community in Frameworks */,
				9EFCEC752BF2F22F00BE63FE /* FirebaseMessaging in Frameworks */,
				9EFCEC712BF2F22F00BE63FE /* FirebaseInstallations in Frameworks */,
			);
			runOnlyForDeploymentPostprocessing = 0;
		};
		9EFCEC132BF2F08C00BE63FE /* Frameworks */ = {
			isa = PBXFrameworksBuildPhase;
			buildActionMask = 2147483647;
			files = (
			);
			runOnlyForDeploymentPostprocessing = 0;
		};
		9EFCEC1D2BF2F08C00BE63FE /* Frameworks */ = {
			isa = PBXFrameworksBuildPhase;
			buildActionMask = 2147483647;
			files = (
			);
			runOnlyForDeploymentPostprocessing = 0;
		};
/* End PBXFrameworksBuildPhase section */

/* Begin PBXGroup section */
		9EFCEBFD2BF2F08800BE63FE = {
			isa = PBXGroup;
			children = (
				9EFCEC082BF2F08800BE63FE /* INHA_HOTEL_APP_TAE */,
				9EFCEC192BF2F08C00BE63FE /* INHA_HOTEL_APP_TAETests */,
				9EFCEC232BF2F08C00BE63FE /* INHA_HOTEL_APP_TAEUITests */,
				9EFCEC072BF2F08800BE63FE /* Products */,
			);
			sourceTree = "<group>";
		};
		9EFCEC072BF2F08800BE63FE /* Products */ = {
			isa = PBXGroup;
			children = (
				9EFCEC062BF2F08800BE63FE /* INHA_HOTEL_APP_TAE.app */,
				9EFCEC162BF2F08C00BE63FE /* INHA_HOTEL_APP_TAETests.xctest */,
				9EFCEC202BF2F08C00BE63FE /* INHA_HOTEL_APP_TAEUITests.xctest */,
			);
			name = Products;
			sourceTree = "<group>";
		};
		9EFCEC082BF2F08800BE63FE /* INHA_HOTEL_APP_TAE */ = {
			isa = PBXGroup;
			children = (
				9EFCEC092BF2F08800BE63FE /* INHA_HOTEL_APP_TAEApp.swift */,
				9EFCEC0B2BF2F08800BE63FE /* ContentView.swift */,
				9EFCEC372BF2F10300BE63FE /* AppDelegate.swift */,
				9EFCEC352BF2F10200BE63FE /* CustomerView.swift */,
				9EFCEC3B2BF2F10300BE63FE /* DepartmentView.swift */,
				9EFCEC3C2BF2F10300BE63FE /* FacilityView.swift */,
				9EFCEC382BF2F10300BE63FE /* FrontDeskView.swift */,
				9EFCEC342BF2F10200BE63FE /* HousekeepingView.swift */,
				9EFCEC392BF2F10300BE63FE /* KitchenView.swift */,
				9EFCEC362BF2F10300BE63FE /* Models.swift */,
				9EFCEC332BF2F10200BE63FE /* PhoneNumberLoginView.swift */,
				9EFCEC3A2BF2F10300BE63FE /* UserSession.swift */,
				9EFCEC472BF2F18B00BE63FE /* GoogleService-Info.plist */,
				9EFCEC0D2BF2F08B00BE63FE /* Assets.xcassets */,
				9EFCEC0F2BF2F08B00BE63FE /* Preview Content */,
				9EFCEC822BF325FE00BE63FE /* SupplyRequestView.swift */,
				9EFCEC842BF3261500BE63FE /* RoomServiceRequestView.swift */,
				9EA2C5B52BF4BD7400ABF8D3 /* SocketManager.swift */,
				9EA2C5B72BF612D800ABF8D3 /* OrderView.swift */,
				9E9F14952BFC415A00712993 /* RoomServiceMenuCard.swift */,
				9E63F6732BFEDCDA00959C6E /* RoomViewModel.swift */,
				9E63F6752BFEDD4E00959C6E /* RoomDetailView.swift */,
				9E63F6772BFEDD6500959C6E /* ReportIssueView.swift */,
				9EE521612C1029FE00081406 /* AdminView.swift */,
				9EE521632C102CC200081406 /* AdminViewModel.swift */,
			);
			path = INHA_HOTEL_APP_TAE;
			sourceTree = "<group>";
		};
		9EFCEC0F2BF2F08B00BE63FE /* Preview Content */ = {
			isa = PBXGroup;
			children = (
				9EFCEC102BF2F08B00BE63FE /* Preview Assets.xcassets */,
			);
			path = "Preview Content";
			sourceTree = "<group>";
		};
		9EFCEC192BF2F08C00BE63FE /* INHA_HOTEL_APP_TAETests */ = {
			isa = PBXGroup;
			children = (
				9EFCEC1A2BF2F08C00BE63FE /* INHA_HOTEL_APP_TAETests.swift */,
			);
			path = INHA_HOTEL_APP_TAETests;
			sourceTree = "<group>";
		};
		9EFCEC232BF2F08C00BE63FE /* INHA_HOTEL_APP_TAEUITests */ = {
			isa = PBXGroup;
			children = (
				9EFCEC242BF2F08C00BE63FE /* INHA_HOTEL_APP_TAEUITests.swift */,
				9EFCEC262BF2F08C00BE63FE /* INHA_HOTEL_APP_TAEUITestsLaunchTests.swift */,
			);
			path = INHA_HOTEL_APP_TAEUITests;
			sourceTree = "<group>";
		};
/* End PBXGroup section */

/* Begin PBXNativeTarget section */
		9EFCEC052BF2F08800BE63FE /* INHA_HOTEL_APP_TAE */ = {
			isa = PBXNativeTarget;
			buildConfigurationList = 9EFCEC2A2BF2F08C00BE63FE /* Build configuration list for PBXNativeTarget "INHA_HOTEL_APP_TAE" */;
			buildPhases = (
				9EFCEC022BF2F08800BE63FE /* Sources */,
				9EFCEC032BF2F08800BE63FE /* Frameworks */,
				9EFCEC042BF2F08800BE63FE /* Resources */,
			);
			buildRules = (
			);
			dependencies = (
			);
			name = INHA_HOTEL_APP_TAE;
			packageProductDependencies = (
				9EFCEC4A2BF2F22F00BE63FE /* FirebaseAnalytics */,
				9EFCEC4C2BF2F22F00BE63FE /* FirebaseAnalyticsOnDeviceConversion */,
				9EFCEC4E2BF2F22F00BE63FE /* FirebaseAnalyticsSwift */,
				9EFCEC502BF2F22F00BE63FE /* FirebaseAnalyticsWithoutAdIdSupport */,
				9EFCEC522BF2F22F00BE63FE /* FirebaseAppCheck */,
				9EFCEC542BF2F22F00BE63FE /* FirebaseAppDistribution-Beta */,
				9EFCEC562BF2F22F00BE63FE /* FirebaseAuth */,
				9EFCEC582BF2F22F00BE63FE /* FirebaseAuthCombine-Community */,
				9EFCEC5A2BF2F22F00BE63FE /* FirebaseCrashlytics */,
				9EFCEC5C2BF2F22F00BE63FE /* FirebaseDatabase */,
				9EFCEC5E2BF2F22F00BE63FE /* FirebaseDatabaseSwift */,
				9EFCEC602BF2F22F00BE63FE /* FirebaseDynamicLinks */,
				9EFCEC622BF2F22F00BE63FE /* FirebaseFirestore */,
				9EFCEC642BF2F22F00BE63FE /* FirebaseFirestoreCombine-Community */,
				9EFCEC662BF2F22F00BE63FE /* FirebaseFirestoreSwift */,
				9EFCEC682BF2F22F00BE63FE /* FirebaseFunctions */,
				9EFCEC6A2BF2F22F00BE63FE /* FirebaseFunctionsCombine-Community */,
				9EFCEC6C2BF2F22F00BE63FE /* FirebaseInAppMessaging-Beta */,
				9EFCEC6E2BF2F22F00BE63FE /* FirebaseInAppMessagingSwift-Beta */,
				9EFCEC702BF2F22F00BE63FE /* FirebaseInstallations */,
				9EFCEC722BF2F22F00BE63FE /* FirebaseMLModelDownloader */,
				9EFCEC742BF2F22F00BE63FE /* FirebaseMessaging */,
				9EFCEC762BF2F22F00BE63FE /* FirebasePerformance */,
				9EFCEC782BF2F22F00BE63FE /* FirebaseRemoteConfig */,
				9EFCEC7A2BF2F22F00BE63FE /* FirebaseRemoteConfigSwift */,
				9EFCEC7C2BF2F22F00BE63FE /* FirebaseStorage */,
				9EFCEC7E2BF2F22F00BE63FE /* FirebaseStorageCombine-Community */,
				9EFCEC802BF2F22F00BE63FE /* FirebaseVertexAI-Preview */,
				9EA2C5B32BF4BD3500ABF8D3 /* SocketIO */,
			);
			productName = INHA_HOTEL_APP_TAE;
			productReference = 9EFCEC062BF2F08800BE63FE /* INHA_HOTEL_APP_TAE.app */;
			productType = "com.apple.product-type.application";
		};
		9EFCEC152BF2F08C00BE63FE /* INHA_HOTEL_APP_TAETests */ = {
			isa = PBXNativeTarget;
			buildConfigurationList = 9EFCEC2D2BF2F08C00BE63FE /* Build configuration list for PBXNativeTarget "INHA_HOTEL_APP_TAETests" */;
			buildPhases = (
				9EFCEC122BF2F08C00BE63FE /* Sources */,
				9EFCEC132BF2F08C00BE63FE /* Frameworks */,
				9EFCEC142BF2F08C00BE63FE /* Resources */,
			);
			buildRules = (
			);
			dependencies = (
				9EFCEC182BF2F08C00BE63FE /* PBXTargetDependency */,
			);
			name = INHA_HOTEL_APP_TAETests;
			productName = INHA_HOTEL_APP_TAETests;
			productReference = 9EFCEC162BF2F08C00BE63FE /* INHA_HOTEL_APP_TAETests.xctest */;
			productType = "com.apple.product-type.bundle.unit-test";
		};
		9EFCEC1F2BF2F08C00BE63FE /* INHA_HOTEL_APP_TAEUITests */ = {
			isa = PBXNativeTarget;
			buildConfigurationList = 9EFCEC302BF2F08C00BE63FE /* Build configuration list for PBXNativeTarget "INHA_HOTEL_APP_TAEUITests" */;
			buildPhases = (
				9EFCEC1C2BF2F08C00BE63FE /* Sources */,
				9EFCEC1D2BF2F08C00BE63FE /* Frameworks */,
				9EFCEC1E2BF2F08C00BE63FE /* Resources */,
			);
			buildRules = (
			);
			dependencies = (
				9EFCEC222BF2F08C00BE63FE /* PBXTargetDependency */,
			);
			name = INHA_HOTEL_APP_TAEUITests;
			productName = INHA_HOTEL_APP_TAEUITests;
			productReference = 9EFCEC202BF2F08C00BE63FE /* INHA_HOTEL_APP_TAEUITests.xctest */;
			productType = "com.apple.product-type.bundle.ui-testing";
		};
/* End PBXNativeTarget section */

/* Begin PBXProject section */
		9EFCEBFE2BF2F08800BE63FE /* Project object */ = {
			isa = PBXProject;
			attributes = {
				BuildIndependentTargetsInParallel = 1;
				LastSwiftUpdateCheck = 1530;
				LastUpgradeCheck = 1600;
				TargetAttributes = {
					9EFCEC052BF2F08800BE63FE = {
						CreatedOnToolsVersion = 15.3;
					};
					9EFCEC152BF2F08C00BE63FE = {
						CreatedOnToolsVersion = 15.3;
						TestTargetID = 9EFCEC052BF2F08800BE63FE;
					};
					9EFCEC1F2BF2F08C00BE63FE = {
						CreatedOnToolsVersion = 15.3;
						TestTargetID = 9EFCEC052BF2F08800BE63FE;
					};
				};
			};
			buildConfigurationList = 9EFCEC012BF2F08800BE63FE /* Build configuration list for PBXProject "INHA_HOTEL_APP_TAE" */;
			compatibilityVersion = "Xcode 14.0";
			developmentRegion = en;
			hasScannedForEncodings = 0;
			knownRegions = (
				en,
				Base,
			);
			mainGroup = 9EFCEBFD2BF2F08800BE63FE;
			packageReferences = (
				9EFCEC492BF2F22F00BE63FE /* XCRemoteSwiftPackageReference "firebase-ios-sdk" */,
				9EA2C5B22BF4BD3500ABF8D3 /* XCRemoteSwiftPackageReference "socket" */,
			);
			productRefGroup = 9EFCEC072BF2F08800BE63FE /* Products */;
			projectDirPath = "";
			projectRoot = "";
			targets = (
				9EFCEC052BF2F08800BE63FE /* INHA_HOTEL_APP_TAE */,
				9EFCEC152BF2F08C00BE63FE /* INHA_HOTEL_APP_TAETests */,
				9EFCEC1F2BF2F08C00BE63FE /* INHA_HOTEL_APP_TAEUITests */,
			);
		};
/* End PBXProject section */

/* Begin PBXResourcesBuildPhase section */
		9EFCEC042BF2F08800BE63FE /* Resources */ = {
			isa = PBXResourcesBuildPhase;
			buildActionMask = 2147483647;
			files = (
				9EFCEC112BF2F08B00BE63FE /* Preview Assets.xcassets in Resources */,
				9EFCEC0E2BF2F08B00BE63FE /* Assets.xcassets in Resources */,
				9EFCEC482BF2F18B00BE63FE /* GoogleService-Info.plist in Resources */,
			);
			runOnlyForDeploymentPostprocessing = 0;
		};
		9EFCEC142BF2F08C00BE63FE /* Resources */ = {
			isa = PBXResourcesBuildPhase;
			buildActionMask = 2147483647;
			files = (
			);
			runOnlyForDeploymentPostprocessing = 0;
		};
		9EFCEC1E2BF2F08C00BE63FE /* Resources */ = {
			isa = PBXResourcesBuildPhase;
			buildActionMask = 2147483647;
			files = (
			);
			runOnlyForDeploymentPostprocessing = 0;
		};
/* End PBXResourcesBuildPhase section */

/* Begin PBXSourcesBuildPhase section */
		9EFCEC022BF2F08800BE63FE /* Sources */ = {
			isa = PBXSourcesBuildPhase;
			buildActionMask = 2147483647;
			files = (
				9EFCEC3F2BF2F10300BE63FE /* CustomerView.swift in Sources */,
				9EA2C5B82BF612D800ABF8D3 /* OrderView.swift in Sources */,
				9EFCEC442BF2F10300BE63FE /* UserSession.swift in Sources */,
				9EFCEC422BF2F10300BE63FE /* FrontDeskView.swift in Sources */,
				9EFCEC0C2BF2F08800BE63FE /* ContentView.swift in Sources */,
				9E63F6762BFEDD4E00959C6E /* RoomDetailView.swift in Sources */,
				9E9F14962BFC415A00712993 /* RoomServiceMenuCard.swift in Sources */,
				9EA2C5B62BF4BD7400ABF8D3 /* SocketManager.swift in Sources */,
				9EE521622C1029FE00081406 /* AdminView.swift in Sources */,
				9EFCEC832BF325FE00BE63FE /* SupplyRequestView.swift in Sources */,
				9EFCEC0A2BF2F08800BE63FE /* INHA_HOTEL_APP_TAEApp.swift in Sources */,
				9EFCEC462BF2F10300BE63FE /* FacilityView.swift in Sources */,
				9EFCEC402BF2F10300BE63FE /* Models.swift in Sources */,
				9E63F6782BFEDD6500959C6E /* ReportIssueView.swift in Sources */,
				9EFCEC432BF2F10300BE63FE /* KitchenView.swift in Sources */,
				9EFCEC412BF2F10300BE63FE /* AppDelegate.swift in Sources */,
				9E63F6742BFEDCDA00959C6E /* RoomViewModel.swift in Sources */,
				9EFCEC3D2BF2F10300BE63FE /* PhoneNumberLoginView.swift in Sources */,
				9EE521642C102CC200081406 /* AdminViewModel.swift in Sources */,
				9EFCEC452BF2F10300BE63FE /* DepartmentView.swift in Sources */,
				9EFCEC3E2BF2F10300BE63FE /* HousekeepingView.swift in Sources */,
				9EFCEC852BF3261500BE63FE /* RoomServiceRequestView.swift in Sources */,
			);
			runOnlyForDeploymentPostprocessing = 0;
		};
		9EFCEC122BF2F08C00BE63FE /* Sources */ = {
			isa = PBXSourcesBuildPhase;
			buildActionMask = 2147483647;
			files = (
				9EFCEC1B2BF2F08C00BE63FE /* INHA_HOTEL_APP_TAETests.swift in Sources */,
			);
			runOnlyForDeploymentPostprocessing = 0;
		};
		9EFCEC1C2BF2F08C00BE63FE /* Sources */ = {
			isa = PBXSourcesBuildPhase;
			buildActionMask = 2147483647;
			files = (
				9EFCEC272BF2F08C00BE63FE /* INHA_HOTEL_APP_TAEUITestsLaunchTests.swift in Sources */,
				9EFCEC252BF2F08C00BE63FE /* INHA_HOTEL_APP_TAEUITests.swift in Sources */,
			);
			runOnlyForDeploymentPostprocessing = 0;
		};
/* End PBXSourcesBuildPhase section */

/* Begin PBXTargetDependency section */
		9EFCEC182BF2F08C00BE63FE /* PBXTargetDependency */ = {
			isa = PBXTargetDependency;
			target = 9EFCEC052BF2F08800BE63FE /* INHA_HOTEL_APP_TAE */;
			targetProxy = 9EFCEC172BF2F08C00BE63FE /* PBXContainerItemProxy */;
		};
		9EFCEC222BF2F08C00BE63FE /* PBXTargetDependency */ = {
			isa = PBXTargetDependency;
			target = 9EFCEC052BF2F08800BE63FE /* INHA_HOTEL_APP_TAE */;
			targetProxy = 9EFCEC212BF2F08C00BE63FE /* PBXContainerItemProxy */;
		};
/* End PBXTargetDependency section */

/* Begin XCBuildConfiguration section */
		9EFCEC282BF2F08C00BE63FE /* Debug */ = {
			isa = XCBuildConfiguration;
			buildSettings = {
				ALWAYS_SEARCH_USER_PATHS = NO;
				ASSETCATALOG_COMPILER_GENERATE_SWIFT_ASSET_SYMBOL_EXTENSIONS = YES;
				CLANG_ANALYZER_NONNULL = YES;
				CLANG_ANALYZER_NUMBER_OBJECT_CONVERSION = YES_AGGRESSIVE;
				CLANG_CXX_LANGUAGE_STANDARD = "gnu++20";
				CLANG_ENABLE_MODULES = YES;
				CLANG_ENABLE_OBJC_ARC = YES;
				CLANG_ENABLE_OBJC_WEAK = YES;
				CLANG_WARN_BLOCK_CAPTURE_AUTORELEASING = YES;
				CLANG_WARN_BOOL_CONVERSION = YES;
				CLANG_WARN_COMMA = YES;
				CLANG_WARN_CONSTANT_CONVERSION = YES;
				CLANG_WARN_DEPRECATED_OBJC_IMPLEMENTATIONS = YES;
				CLANG_WARN_DIRECT_OBJC_ISA_USAGE = YES_ERROR;
				CLANG_WARN_DOCUMENTATION_COMMENTS = YES;
				CLANG_WARN_EMPTY_BODY = YES;
				CLANG_WARN_ENUM_CONVERSION = YES;
				CLANG_WARN_INFINITE_RECURSION = YES;
				CLANG_WARN_INT_CONVERSION = YES;
				CLANG_WARN_NON_LITERAL_NULL_CONVERSION = YES;
				CLANG_WARN_OBJC_IMPLICIT_RETAIN_SELF = YES;
				CLANG_WARN_OBJC_LITERAL_CONVERSION = YES;
				CLANG_WARN_OBJC_ROOT_CLASS = YES_ERROR;
				CLANG_WARN_QUOTED_INCLUDE_IN_FRAMEWORK_HEADER = YES;
				CLANG_WARN_RANGE_LOOP_ANALYSIS = YES;
				CLANG_WARN_STRICT_PROTOTYPES = YES;
				CLANG_WARN_SUSPICIOUS_MOVE = YES;
				CLANG_WARN_UNGUARDED_AVAILABILITY = YES_AGGRESSIVE;
				CLANG_WARN_UNREACHABLE_CODE = YES;
				CLANG_WARN__DUPLICATE_METHOD_MATCH = YES;
				COPY_PHASE_STRIP = NO;
				DEBUG_INFORMATION_FORMAT = dwarf;
				ENABLE_STRICT_OBJC_MSGSEND = YES;
				ENABLE_TESTABILITY = YES;
				ENABLE_USER_SCRIPT_SANDBOXING = YES;
				GCC_C_LANGUAGE_STANDARD = gnu17;
				GCC_DYNAMIC_NO_PIC = NO;
				GCC_NO_COMMON_BLOCKS = YES;
				GCC_OPTIMIZATION_LEVEL = 0;
				GCC_PREPROCESSOR_DEFINITIONS = (
					"DEBUG=1",
					"$(inherited)",
				);
				GCC_WARN_64_TO_32_BIT_CONVERSION = YES;
				GCC_WARN_ABOUT_RETURN_TYPE = YES_ERROR;
				GCC_WARN_UNDECLARED_SELECTOR = YES;
				GCC_WARN_UNINITIALIZED_AUTOS = YES_AGGRESSIVE;
				GCC_WARN_UNUSED_FUNCTION = YES;
				GCC_WARN_UNUSED_VARIABLE = YES;
				IPHONEOS_DEPLOYMENT_TARGET = 17.4;
				LOCALIZATION_PREFERS_STRING_CATALOGS = YES;
				MTL_ENABLE_DEBUG_INFO = INCLUDE_SOURCE;
				MTL_FAST_MATH = YES;
				ONLY_ACTIVE_ARCH = YES;
				SDKROOT = iphoneos;
				SWIFT_ACTIVE_COMPILATION_CONDITIONS = "DEBUG $(inherited)";
				SWIFT_OPTIMIZATION_LEVEL = "-Onone";
			};
			name = Debug;
		};
		9EFCEC292BF2F08C00BE63FE /* Release */ = {
			isa = XCBuildConfiguration;
			buildSettings = {
				ALWAYS_SEARCH_USER_PATHS = NO;
				ASSETCATALOG_COMPILER_GENERATE_SWIFT_ASSET_SYMBOL_EXTENSIONS = YES;
				CLANG_ANALYZER_NONNULL = YES;
				CLANG_ANALYZER_NUMBER_OBJECT_CONVERSION = YES_AGGRESSIVE;
				CLANG_CXX_LANGUAGE_STANDARD = "gnu++20";
				CLANG_ENABLE_MODULES = YES;
				CLANG_ENABLE_OBJC_ARC = YES;
				CLANG_ENABLE_OBJC_WEAK = YES;
				CLANG_WARN_BLOCK_CAPTURE_AUTORELEASING = YES;
				CLANG_WARN_BOOL_CONVERSION = YES;
				CLANG_WARN_COMMA = YES;
				CLANG_WARN_CONSTANT_CONVERSION = YES;
				CLANG_WARN_DEPRECATED_OBJC_IMPLEMENTATIONS = YES;
				CLANG_WARN_DIRECT_OBJC_ISA_USAGE = YES_ERROR;
				CLANG_WARN_DOCUMENTATION_COMMENTS = YES;
				CLANG_WARN_EMPTY_BODY = YES;
				CLANG_WARN_ENUM_CONVERSION = YES;
				CLANG_WARN_INFINITE_RECURSION = YES;
				CLANG_WARN_INT_CONVERSION = YES;
				CLANG_WARN_NON_LITERAL_NULL_CONVERSION = YES;
				CLANG_WARN_OBJC_IMPLICIT_RETAIN_SELF = YES;
				CLANG_WARN_OBJC_LITERAL_CONVERSION = YES;
				CLANG_WARN_OBJC_ROOT_CLASS = YES_ERROR;
				CLANG_WARN_QUOTED_INCLUDE_IN_FRAMEWORK_HEADER = YES;
				CLANG_WARN_RANGE_LOOP_ANALYSIS = YES;
				CLANG_WARN_STRICT_PROTOTYPES = YES;
				CLANG_WARN_SUSPICIOUS_MOVE = YES;
				CLANG_WARN_UNGUARDED_AVAILABILITY = YES_AGGRESSIVE;
				CLANG_WARN_UNREACHABLE_CODE = YES;
				CLANG_WARN__DUPLICATE_METHOD_MATCH = YES;
				COPY_PHASE_STRIP = NO;
				DEBUG_INFORMATION_FORMAT = "dwarf-with-dsym";
				ENABLE_NS_ASSERTIONS = NO;
				ENABLE_STRICT_OBJC_MSGSEND = YES;
				ENABLE_USER_SCRIPT_SANDBOXING = YES;
				GCC_C_LANGUAGE_STANDARD = gnu17;
				GCC_NO_COMMON_BLOCKS = YES;
				GCC_WARN_64_TO_32_BIT_CONVERSION = YES;
				GCC_WARN_ABOUT_RETURN_TYPE = YES_ERROR;
				GCC_WARN_UNDECLARED_SELECTOR = YES;
				GCC_WARN_UNINITIALIZED_AUTOS = YES_AGGRESSIVE;
				GCC_WARN_UNUSED_FUNCTION = YES;
				GCC_WARN_UNUSED_VARIABLE = YES;
				IPHONEOS_DEPLOYMENT_TARGET = 17.4;
				LOCALIZATION_PREFERS_STRING_CATALOGS = YES;
				MTL_ENABLE_DEBUG_INFO = NO;
				MTL_FAST_MATH = YES;
				SDKROOT = iphoneos;
				SWIFT_COMPILATION_MODE = wholemodule;
				VALIDATE_PRODUCT = YES;
			};
			name = Release;
		};
		9EFCEC2B2BF2F08C00BE63FE /* Debug */ = {
			isa = XCBuildConfiguration;
			buildSettings = {
				ASSETCATALOG_COMPILER_APPICON_NAME = AppIcon;
				ASSETCATALOG_COMPILER_GLOBAL_ACCENT_COLOR_NAME = AccentColor;
				ASSETCATALOG_COMPILER_INCLUDE_ALL_APPICON_ASSETS = YES;
				CODE_SIGN_IDENTITY = "Apple Development";
				CODE_SIGN_STYLE = Automatic;
				CURRENT_PROJECT_VERSION = 1;
				DEVELOPMENT_ASSET_PATHS = "\"INHA_HOTEL_APP_TAE/Preview Content\"";
				DEVELOPMENT_TEAM = 4C9AM7J98Q;
				ENABLE_PREVIEWS = YES;
				GENERATE_INFOPLIST_FILE = YES;
				INFOPLIST_KEY_UIApplicationSceneManifest_Generation = YES;
				INFOPLIST_KEY_UIApplicationSupportsIndirectInputEvents = YES;
				INFOPLIST_KEY_UILaunchScreen_Generation = YES;
				INFOPLIST_KEY_UISupportedInterfaceOrientations_iPad = "UIInterfaceOrientationPortrait UIInterfaceOrientationPortraitUpsideDown UIInterfaceOrientationLandscapeLeft UIInterfaceOrientationLandscapeRight";
				INFOPLIST_KEY_UISupportedInterfaceOrientations_iPhone = "UIInterfaceOrientationPortrait UIInterfaceOrientationLandscapeLeft UIInterfaceOrientationLandscapeRight";
				LD_RUNPATH_SEARCH_PATHS = (
					"$(inherited)",
					"@executable_path/Frameworks",
				);
				MARKETING_VERSION = 1.0;
				PRODUCT_BUNDLE_IDENTIFIER = "com.taekyou.INHA-HOTEL-APP-TAE";
				PRODUCT_NAME = "$(TARGET_NAME)";
				PROVISIONING_PROFILE_SPECIFIER = "";
				SWIFT_EMIT_LOC_STRINGS = YES;
				SWIFT_VERSION = 5.0;
				TARGETED_DEVICE_FAMILY = "1,2";
			};
			name = Debug;
		};
		9EFCEC2C2BF2F08C00BE63FE /* Release */ = {
			isa = XCBuildConfiguration;
			buildSettings = {
				ASSETCATALOG_COMPILER_APPICON_NAME = AppIcon;
				ASSETCATALOG_COMPILER_GLOBAL_ACCENT_COLOR_NAME = AccentColor;
				ASSETCATALOG_COMPILER_INCLUDE_ALL_APPICON_ASSETS = YES;
				CODE_SIGN_IDENTITY = "Apple Development";
				CODE_SIGN_STYLE = Automatic;
				CURRENT_PROJECT_VERSION = 1;
				DEVELOPMENT_ASSET_PATHS = "\"INHA_HOTEL_APP_TAE/Preview Content\"";
				DEVELOPMENT_TEAM = 4C9AM7J98Q;
				ENABLE_PREVIEWS = YES;
				GENERATE_INFOPLIST_FILE = YES;
				INFOPLIST_KEY_UIApplicationSceneManifest_Generation = YES;
				INFOPLIST_KEY_UIApplicationSupportsIndirectInputEvents = YES;
				INFOPLIST_KEY_UILaunchScreen_Generation = YES;
				INFOPLIST_KEY_UISupportedInterfaceOrientations_iPad = "UIInterfaceOrientationPortrait UIInterfaceOrientationPortraitUpsideDown UIInterfaceOrientationLandscapeLeft UIInterfaceOrientationLandscapeRight";
				INFOPLIST_KEY_UISupportedInterfaceOrientations_iPhone = "UIInterfaceOrientationPortrait UIInterfaceOrientationLandscapeLeft UIInterfaceOrientationLandscapeRight";
				LD_RUNPATH_SEARCH_PATHS = (
					"$(inherited)",
					"@executable_path/Frameworks",
				);
				MARKETING_VERSION = 1.0;
				PRODUCT_BUNDLE_IDENTIFIER = "com.taekyou.INHA-HOTEL-APP-TAE";
				PRODUCT_NAME = "$(TARGET_NAME)";
				PROVISIONING_PROFILE_SPECIFIER = "";
				SWIFT_EMIT_LOC_STRINGS = YES;
				SWIFT_VERSION = 5.0;
				TARGETED_DEVICE_FAMILY = "1,2";
			};
			name = Release;
		};
		9EFCEC2E2BF2F08C00BE63FE /* Debug */ = {
			isa = XCBuildConfiguration;
			buildSettings = {
				BUNDLE_LOADER = "$(TEST_HOST)";
				CODE_SIGN_STYLE = Automatic;
				CURRENT_PROJECT_VERSION = 1;
				GENERATE_INFOPLIST_FILE = YES;
				IPHONEOS_DEPLOYMENT_TARGET = 17.4;
				MARKETING_VERSION = 1.0;
				PRODUCT_BUNDLE_IDENTIFIER = "com.taekyou.INHA-HOTEL-APP-TAETests";
				PRODUCT_NAME = "$(TARGET_NAME)";
				SWIFT_EMIT_LOC_STRINGS = NO;
				SWIFT_VERSION = 5.0;
				TARGETED_DEVICE_FAMILY = "1,2";
				TEST_HOST = "$(BUILT_PRODUCTS_DIR)/INHA_HOTEL_APP_TAE.app/$(BUNDLE_EXECUTABLE_FOLDER_PATH)/INHA_HOTEL_APP_TAE";
			};
			name = Debug;
		};
		9EFCEC2F2BF2F08C00BE63FE /* Release */ = {
			isa = XCBuildConfiguration;
			buildSettings = {
				BUNDLE_LOADER = "$(TEST_HOST)";
				CODE_SIGN_STYLE = Automatic;
				CURRENT_PROJECT_VERSION = 1;
				GENERATE_INFOPLIST_FILE = YES;
				IPHONEOS_DEPLOYMENT_TARGET = 17.4;
				MARKETING_VERSION = 1.0;
				PRODUCT_BUNDLE_IDENTIFIER = "com.taekyou.INHA-HOTEL-APP-TAETests";
				PRODUCT_NAME = "$(TARGET_NAME)";
				SWIFT_EMIT_LOC_STRINGS = NO;
				SWIFT_VERSION = 5.0;
				TARGETED_DEVICE_FAMILY = "1,2";
				TEST_HOST = "$(BUILT_PRODUCTS_DIR)/INHA_HOTEL_APP_TAE.app/$(BUNDLE_EXECUTABLE_FOLDER_PATH)/INHA_HOTEL_APP_TAE";
			};
			name = Release;
		};
		9EFCEC312BF2F08C00BE63FE /* Debug */ = {
			isa = XCBuildConfiguration;
			buildSettings = {
				CODE_SIGN_STYLE = Automatic;
				CURRENT_PROJECT_VERSION = 1;
				GENERATE_INFOPLIST_FILE = YES;
				MARKETING_VERSION = 1.0;
				PRODUCT_BUNDLE_IDENTIFIER = "com.taekyou.INHA-HOTEL-APP-TAEUITests";
				PRODUCT_NAME = "$(TARGET_NAME)";
				SWIFT_EMIT_LOC_STRINGS = NO;
				SWIFT_VERSION = 5.0;
				TARGETED_DEVICE_FAMILY = "1,2";
				TEST_TARGET_NAME = INHA_HOTEL_APP_TAE;
			};
			name = Debug;
		};
		9EFCEC322BF2F08C00BE63FE /* Release */ = {
			isa = XCBuildConfiguration;
			buildSettings = {
				CODE_SIGN_STYLE = Automatic;
				CURRENT_PROJECT_VERSION = 1;
				GENERATE_INFOPLIST_FILE = YES;
				MARKETING_VERSION = 1.0;
				PRODUCT_BUNDLE_IDENTIFIER = "com.taekyou.INHA-HOTEL-APP-TAEUITests";
				PRODUCT_NAME = "$(TARGET_NAME)";
				SWIFT_EMIT_LOC_STRINGS = NO;
				SWIFT_VERSION = 5.0;
				TARGETED_DEVICE_FAMILY = "1,2";
				TEST_TARGET_NAME = INHA_HOTEL_APP_TAE;
			};
			name = Release;
		};
/* End XCBuildConfiguration section */

/* Begin XCConfigurationList section */
		9EFCEC012BF2F08800BE63FE /* Build configuration list for PBXProject "INHA_HOTEL_APP_TAE" */ = {
			isa = XCConfigurationList;
			buildConfigurations = (
				9EFCEC282BF2F08C00BE63FE /* Debug */,
				9EFCEC292BF2F08C00BE63FE /* Release */,
			);
			defaultConfigurationIsVisible = 0;
			defaultConfigurationName = Release;
		};
		9EFCEC2A2BF2F08C00BE63FE /* Build configuration list for PBXNativeTarget "INHA_HOTEL_APP_TAE" */ = {
			isa = XCConfigurationList;
			buildConfigurations = (
				9EFCEC2B2BF2F08C00BE63FE /* Debug */,
				9EFCEC2C2BF2F08C00BE63FE /* Release */,
			);
			defaultConfigurationIsVisible = 0;
			defaultConfigurationName = Release;
		};
		9EFCEC2D2BF2F08C00BE63FE /* Build configuration list for PBXNativeTarget "INHA_HOTEL_APP_TAETests" */ = {
			isa = XCConfigurationList;
			buildConfigurations = (
				9EFCEC2E2BF2F08C00BE63FE /* Debug */,
				9EFCEC2F2BF2F08C00BE63FE /* Release */,
			);
			defaultConfigurationIsVisible = 0;
			defaultConfigurationName = Release;
		};
		9EFCEC302BF2F08C00BE63FE /* Build configuration list for PBXNativeTarget "INHA_HOTEL_APP_TAEUITests" */ = {
			isa = XCConfigurationList;
			buildConfigurations = (
				9EFCEC312BF2F08C00BE63FE /* Debug */,
				9EFCEC322BF2F08C00BE63FE /* Release */,
			);
			defaultConfigurationIsVisible = 0;
			defaultConfigurationName = Release;
		};
/* End XCConfigurationList section */

/* Begin XCRemoteSwiftPackageReference section */
		9EA2C5B22BF4BD3500ABF8D3 /* XCRemoteSwiftPackageReference "socket" */ = {
			isa = XCRemoteSwiftPackageReference;
			repositoryURL = "https://github.com/socketio/socket.io-client-swift";
			requirement = {
				branch = master;
				kind = branch;
			};
		};
		9EFCEC492BF2F22F00BE63FE /* XCRemoteSwiftPackageReference "firebase-ios-sdk" */ = {
			isa = XCRemoteSwiftPackageReference;
			repositoryURL = "https://github.com/firebase/firebase-ios-sdk";
			requirement = {
				kind = upToNextMajorVersion;
				minimumVersion = 10.26.0;
			};
		};
/* End XCRemoteSwiftPackageReference section */

/* Begin XCSwiftPackageProductDependency section */
		9EA2C5B32BF4BD3500ABF8D3 /* SocketIO */ = {
			isa = XCSwiftPackageProductDependency;
			package = 9EA2C5B22BF4BD3500ABF8D3 /* XCRemoteSwiftPackageReference "socket" */;
			productName = SocketIO;
		};
		9EFCEC4A2BF2F22F00BE63FE /* FirebaseAnalytics */ = {
			isa = XCSwiftPackageProductDependency;
			package = 9EFCEC492BF2F22F00BE63FE /* XCRemoteSwiftPackageReference "firebase-ios-sdk" */;
			productName = FirebaseAnalytics;
		};
		9EFCEC4C2BF2F22F00BE63FE /* FirebaseAnalyticsOnDeviceConversion */ = {
			isa = XCSwiftPackageProductDependency;
			package = 9EFCEC492BF2F22F00BE63FE /* XCRemoteSwiftPackageReference "firebase-ios-sdk" */;
			productName = FirebaseAnalyticsOnDeviceConversion;
		};
		9EFCEC4E2BF2F22F00BE63FE /* FirebaseAnalyticsSwift */ = {
			isa = XCSwiftPackageProductDependency;
			package = 9EFCEC492BF2F22F00BE63FE /* XCRemoteSwiftPackageReference "firebase-ios-sdk" */;
			productName = FirebaseAnalyticsSwift;
		};
		9EFCEC502BF2F22F00BE63FE /* FirebaseAnalyticsWithoutAdIdSupport */ = {
			isa = XCSwiftPackageProductDependency;
			package = 9EFCEC492BF2F22F00BE63FE /* XCRemoteSwiftPackageReference "firebase-ios-sdk" */;
			productName = FirebaseAnalyticsWithoutAdIdSupport;
		};
		9EFCEC522BF2F22F00BE63FE /* FirebaseAppCheck */ = {
			isa = XCSwiftPackageProductDependency;
			package = 9EFCEC492BF2F22F00BE63FE /* XCRemoteSwiftPackageReference "firebase-ios-sdk" */;
			productName = FirebaseAppCheck;
		};
		9EFCEC542BF2F22F00BE63FE /* FirebaseAppDistribution-Beta */ = {
			isa = XCSwiftPackageProductDependency;
			package = 9EFCEC492BF2F22F00BE63FE /* XCRemoteSwiftPackageReference "firebase-ios-sdk" */;
			productName = "FirebaseAppDistribution-Beta";
		};
		9EFCEC562BF2F22F00BE63FE /* FirebaseAuth */ = {
			isa = XCSwiftPackageProductDependency;
			package = 9EFCEC492BF2F22F00BE63FE /* XCRemoteSwiftPackageReference "firebase-ios-sdk" */;
			productName = FirebaseAuth;
		};
		9EFCEC582BF2F22F00BE63FE /* FirebaseAuthCombine-Community */ = {
			isa = XCSwiftPackageProductDependency;
			package = 9EFCEC492BF2F22F00BE63FE /* XCRemoteSwiftPackageReference "firebase-ios-sdk" */;
			productName = "FirebaseAuthCombine-Community";
		};
		9EFCEC5A2BF2F22F00BE63FE /* FirebaseCrashlytics */ = {
			isa = XCSwiftPackageProductDependency;
			package = 9EFCEC492BF2F22F00BE63FE /* XCRemoteSwiftPackageReference "firebase-ios-sdk" */;
			productName = FirebaseCrashlytics;
		};
		9EFCEC5C2BF2F22F00BE63FE /* FirebaseDatabase */ = {
			isa = XCSwiftPackageProductDependency;
			package = 9EFCEC492BF2F22F00BE63FE /* XCRemoteSwiftPackageReference "firebase-ios-sdk" */;
			productName = FirebaseDatabase;
		};
		9EFCEC5E2BF2F22F00BE63FE /* FirebaseDatabaseSwift */ = {
			isa = XCSwiftPackageProductDependency;
			package = 9EFCEC492BF2F22F00BE63FE /* XCRemoteSwiftPackageReference "firebase-ios-sdk" */;
			productName = FirebaseDatabaseSwift;
		};
		9EFCEC602BF2F22F00BE63FE /* FirebaseDynamicLinks */ = {
			isa = XCSwiftPackageProductDependency;
			package = 9EFCEC492BF2F22F00BE63FE /* XCRemoteSwiftPackageReference "firebase-ios-sdk" */;
			productName = FirebaseDynamicLinks;
		};
		9EFCEC622BF2F22F00BE63FE /* FirebaseFirestore */ = {
			isa = XCSwiftPackageProductDependency;
			package = 9EFCEC492BF2F22F00BE63FE /* XCRemoteSwiftPackageReference "firebase-ios-sdk" */;
			productName = FirebaseFirestore;
		};
		9EFCEC642BF2F22F00BE63FE /* FirebaseFirestoreCombine-Community */ = {
			isa = XCSwiftPackageProductDependency;
			package = 9EFCEC492BF2F22F00BE63FE /* XCRemoteSwiftPackageReference "firebase-ios-sdk" */;
			productName = "FirebaseFirestoreCombine-Community";
		};
		9EFCEC662BF2F22F00BE63FE /* FirebaseFirestoreSwift */ = {
			isa = XCSwiftPackageProductDependency;
			package = 9EFCEC492BF2F22F00BE63FE /* XCRemoteSwiftPackageReference "firebase-ios-sdk" */;
			productName = FirebaseFirestoreSwift;
		};
		9EFCEC682BF2F22F00BE63FE /* FirebaseFunctions */ = {
			isa = XCSwiftPackageProductDependency;
			package = 9EFCEC492BF2F22F00BE63FE /* XCRemoteSwiftPackageReference "firebase-ios-sdk" */;
			productName = FirebaseFunctions;
		};
		9EFCEC6A2BF2F22F00BE63FE /* FirebaseFunctionsCombine-Community */ = {
			isa = XCSwiftPackageProductDependency;
			package = 9EFCEC492BF2F22F00BE63FE /* XCRemoteSwiftPackageReference "firebase-ios-sdk" */;
			productName = "FirebaseFunctionsCombine-Community";
		};
		9EFCEC6C2BF2F22F00BE63FE /* FirebaseInAppMessaging-Beta */ = {
			isa = XCSwiftPackageProductDependency;
			package = 9EFCEC492BF2F22F00BE63FE /* XCRemoteSwiftPackageReference "firebase-ios-sdk" */;
			productName = "FirebaseInAppMessaging-Beta";
		};
		9EFCEC6E2BF2F22F00BE63FE /* FirebaseInAppMessagingSwift-Beta */ = {
			isa = XCSwiftPackageProductDependency;
			package = 9EFCEC492BF2F22F00BE63FE /* XCRemoteSwiftPackageReference "firebase-ios-sdk" */;
			productName = "FirebaseInAppMessagingSwift-Beta";
		};
		9EFCEC702BF2F22F00BE63FE /* FirebaseInstallations */ = {
			isa = XCSwiftPackageProductDependency;
			package = 9EFCEC492BF2F22F00BE63FE /* XCRemoteSwiftPackageReference "firebase-ios-sdk" */;
			productName = FirebaseInstallations;
		};
		9EFCEC722BF2F22F00BE63FE /* FirebaseMLModelDownloader */ = {
			isa = XCSwiftPackageProductDependency;
			package = 9EFCEC492BF2F22F00BE63FE /* XCRemoteSwiftPackageReference "firebase-ios-sdk" */;
			productName = FirebaseMLModelDownloader;
		};
		9EFCEC742BF2F22F00BE63FE /* FirebaseMessaging */ = {
			isa = XCSwiftPackageProductDependency;
			package = 9EFCEC492BF2F22F00BE63FE /* XCRemoteSwiftPackageReference "firebase-ios-sdk" */;
			productName = FirebaseMessaging;
		};
		9EFCEC762BF2F22F00BE63FE /* FirebasePerformance */ = {
			isa = XCSwiftPackageProductDependency;
			package = 9EFCEC492BF2F22F00BE63FE /* XCRemoteSwiftPackageReference "firebase-ios-sdk" */;
			productName = FirebasePerformance;
		};
		9EFCEC782BF2F22F00BE63FE /* FirebaseRemoteConfig */ = {
			isa = XCSwiftPackageProductDependency;
			package = 9EFCEC492BF2F22F00BE63FE /* XCRemoteSwiftPackageReference "firebase-ios-sdk" */;
			productName = FirebaseRemoteConfig;
		};
		9EFCEC7A2BF2F22F00BE63FE /* FirebaseRemoteConfigSwift */ = {
			isa = XCSwiftPackageProductDependency;
			package = 9EFCEC492BF2F22F00BE63FE /* XCRemoteSwiftPackageReference "firebase-ios-sdk" */;
			productName = FirebaseRemoteConfigSwift;
		};
		9EFCEC7C2BF2F22F00BE63FE /* FirebaseStorage */ = {
			isa = XCSwiftPackageProductDependency;
			package = 9EFCEC492BF2F22F00BE63FE /* XCRemoteSwiftPackageReference "firebase-ios-sdk" */;
			productName = FirebaseStorage;
		};
		9EFCEC7E2BF2F22F00BE63FE /* FirebaseStorageCombine-Community */ = {
			isa = XCSwiftPackageProductDependency;
			package = 9EFCEC492BF2F22F00BE63FE /* XCRemoteSwiftPackageReference "firebase-ios-sdk" */;
			productName = "FirebaseStorageCombine-Community";
		};
		9EFCEC802BF2F22F00BE63FE /* FirebaseVertexAI-Preview */ = {
			isa = XCSwiftPackageProductDependency;
			package = 9EFCEC492BF2F22F00BE63FE /* XCRemoteSwiftPackageReference "firebase-ios-sdk" */;
			productName = "FirebaseVertexAI-Preview";
		};
/* End XCSwiftPackageProductDependency section */
	};
	rootObject = 9EFCEBFE2BF2F08800BE63FE /* Project object */;
}
